<?xml version="1.0" encoding="utf-8"?>
<Project ToolsVersion="4.0" xmlns="http://schemas.microsoft.com/developer/msbuild/2003">
  <ItemGroup>
    <ClCompile Include="src\test.cpp" />
    <ClCompile Include="src\sound\simple_wav.cpp">
      <Filter>sound</Filter>
    </ClCompile>
    <ClCompile Include="src\filter\transform.cpp">
      <Filter>filter</Filter>
    </ClCompile>
    <ClCompile Include="src\testDraw.cpp" />
  </ItemGroup>
  <ItemGroup>
    <ClInclude Include="src\auxiliary\allpass.h">
      <Filter>auxiliary</Filter>
    </ClInclude>
    <ClInclude Include="src\auxiliary\delay.h">
      <Filter>auxiliary</Filter>
    </ClInclude>
    <ClInclude Include="src\auxiliary\gardner_reverb.h">
      <Filter>auxiliary</Filter>
    </ClInclude>
    <ClInclude Include="src\auxiliary\nested_allpass.h">
      <Filter>auxiliary</Filter>
    </ClInclude>
    <ClInclude Include="src\utils\random.h">
      <Filter>utils</Filter>
    </ClInclude>
    <ClInclude Include="src\sound\simple_wav.h">
      <Filter>sound</Filter>
    </ClInclude>
    <ClInclude Include="src\sound\wav_io.h">
      <Filter>sound</Filter>
    </ClInclude>
    <ClInclude Include="src\sound\wav_header.h">
      <Filter>sound</Filter>
    </ClInclude>
    <ClInclude Include="src\sound\sound_obj.h">
      <Filter>sound</Filter>
    </ClInclude>
    <ClInclude Include="src\sound.h" />
    <ClInclude Include="src\filter\firfilter.h">
      <Filter>filter</Filter>
    </ClInclude>
    <ClInclude Include="src\utils\helper.h">
      <Filter>utils</Filter>
    </ClInclude>
    <ClInclude Include="src\filter\iirfilter.h">
      <Filter>filter</Filter>
    </ClInclude>
    <ClInclude Include="src\filter\transform.h">
      <Filter>filter</Filter>
    </ClInclude>
  </ItemGroup>
  <ItemGroup>
    <Filter Include="auxiliary">
      <UniqueIdentifier>{94b09f69-2065-42a3-815e-1c837186c38b}</UniqueIdentifier>
    </Filter>
    <Filter Include="sound">
      <UniqueIdentifier>{e350d121-61ae-43c1-b283-e61ab4e22877}</UniqueIdentifier>
    </Filter>
    <Filter Include="utils">
      <UniqueIdentifier>{989e0558-72cb-4cff-ad95-8dc2d0a3d2f4}</UniqueIdentifier>
    </Filter>
    <Filter Include="filter">
      <UniqueIdentifier>{a2177cd3-c680-4b39-b06c-dcff278544ca}</UniqueIdentifier>
    </Filter>
  </ItemGroup>
</Project>