<?xml version="1.0" encoding="utf-8"?>
<Project ToolsVersion="4.0" xmlns="http://schemas.microsoft.com/developer/msbuild/2003">
  <ItemGroup>
    <ClCompile Include="src\source\generator\WhiteNoiseGenerator.cpp">
      <Filter>source\generator</Filter>
    </ClCompile>
    <ClCompile Include="src\source\generator\SineGenerator.cpp">
      <Filter>source\generator</Filter>
    </ClCompile>
    <ClCompile Include="src\source\generator\SquareGenerator.cpp">
      <Filter>source\generator</Filter>
    </ClCompile>
    <ClCompile Include="src\transform\fft4g.c">
      <Filter>transform</Filter>
    </ClCompile>
    <ClCompile Include="src\transform\OouraFFT.cpp">
      <Filter>transform</Filter>
    </ClCompile>
    <ClCompile Include="src\voila\SoundEffect.cpp">
      <Filter>voila</Filter>
    </ClCompile>
    <ClCompile Include="src\test\testDraw.cpp">
      <Filter>test</Filter>
    </ClCompile>
    <ClCompile Include="src\test\testTransform.cpp">
      <Filter>test</Filter>
    </ClCompile>
    <ClCompile Include="src\test\testWindow.cpp">
      <Filter>test</Filter>
    </ClCompile>
    <ClCompile Include="src\filter\FirFilter.cpp">
      <Filter>filter</Filter>
    </ClCompile>
    <ClCompile Include="src\source\SimpleWav.cpp">
      <Filter>source</Filter>
    </ClCompile>
    <ClCompile Include="src\filter\IirFilter.cpp">
      <Filter>filter</Filter>
    </ClCompile>
    <ClCompile Include="src\transform\DFT.cpp">
      <Filter>transform</Filter>
    </ClCompile>
    <ClCompile Include="src\transform\FFTFactory.cpp">
      <Filter>transform</Filter>
    </ClCompile>
    <ClCompile Include="src\transform\mfcc\MelFilter.cpp">
      <Filter>transform\mfcc</Filter>
    </ClCompile>
    <ClCompile Include="src\transform\mfcc\MelFilterBank.cpp">
      <Filter>transform\mfcc</Filter>
    </ClCompile>
    <ClCompile Include="src\transform\DCT.cpp">
      <Filter>transform</Filter>
    </ClCompile>
    <ClCompile Include="src\transform\mfcc\MFCC.cpp">
      <Filter>transform\mfcc</Filter>
    </ClCompile>
    <ClCompile Include="src\test\testMFCC.cpp">
      <Filter>test</Filter>
    </ClCompile>
  </ItemGroup>
  <ItemGroup>
    <ClInclude Include="src\source\generator\Generator.h">
      <Filter>source\generator</Filter>
    </ClInclude>
    <ClInclude Include="src\source\generator\WhiteNoiseGenerator.h">
      <Filter>source\generator</Filter>
    </ClInclude>
    <ClInclude Include="src\source\generator\SineGenerator.h">
      <Filter>source\generator</Filter>
    </ClInclude>
    <ClInclude Include="src\source\generator\SquareGenerator.h">
      <Filter>source\generator</Filter>
    </ClInclude>
    <ClInclude Include="src\source\window\RectangularWindow.h">
      <Filter>source\window</Filter>
    </ClInclude>
    <ClInclude Include="src\source\window\GaussianWindow.h">
      <Filter>source\window</Filter>
    </ClInclude>
    <ClInclude Include="src\source\window\HannWindow.h">
      <Filter>source\window</Filter>
    </ClInclude>
    <ClInclude Include="src\source\window\HammingWindow.h">
      <Filter>source\window</Filter>
    </ClInclude>
    <ClInclude Include="src\transform\OouraFFT.h">
      <Filter>transform</Filter>
    </ClInclude>
    <ClInclude Include="src\source.h" />
    <ClInclude Include="src\voila\SoundEffect.h">
      <Filter>voila</Filter>
    </ClInclude>
    <ClInclude Include="src\filter\auxiliary\Allpass.h">
      <Filter>filter\auxiliary</Filter>
    </ClInclude>
    <ClInclude Include="src\filter\auxiliary\Delay.h">
      <Filter>filter\auxiliary</Filter>
    </ClInclude>
    <ClInclude Include="src\filter\auxiliary\GardnerReverb.h">
      <Filter>filter\auxiliary</Filter>
    </ClInclude>
    <ClInclude Include="src\filter\auxiliary\NestedAllpass.h">
      <Filter>filter\auxiliary</Filter>
    </ClInclude>
    <ClInclude Include="src\filter\FirFilter.h">
      <Filter>filter</Filter>
    </ClInclude>
    <ClInclude Include="src\filter\IirFilter.h">
      <Filter>filter</Filter>
    </ClInclude>
    <ClInclude Include="src\source\window\Window.h">
      <Filter>source\window</Filter>
    </ClInclude>
    <ClInclude Include="src\source\Functions.h">
      <Filter>source</Filter>
    </ClInclude>
    <ClInclude Include="src\source\SimpleWav.h">
      <Filter>source</Filter>
    </ClInclude>
    <ClInclude Include="src\source\WavHeader.h">
      <Filter>source</Filter>
    </ClInclude>
    <ClInclude Include="src\IncludeAll.h" />
    <ClInclude Include="src\transform\TransformTypes.h">
      <Filter>transform</Filter>
    </ClInclude>
    <ClInclude Include="src\transform\DFT.h">
      <Filter>transform</Filter>
    </ClInclude>
    <ClInclude Include="src\transform\FFTBase.h">
      <Filter>transform</Filter>
    </ClInclude>
    <ClInclude Include="src\transform\FFTFactory.h">
      <Filter>transform</Filter>
    </ClInclude>
    <ClInclude Include="src\transform\mfcc\MelFilter.h">
      <Filter>transform\mfcc</Filter>
    </ClInclude>
    <ClInclude Include="src\transform\mfcc\MelFilterBank.h">
      <Filter>transform\mfcc</Filter>
    </ClInclude>
    <ClInclude Include="src\transform\DCT.h">
      <Filter>transform</Filter>
    </ClInclude>
    <ClInclude Include="src\transform\mfcc\MFCC.h">
      <Filter>transform\mfcc</Filter>
    </ClInclude>
  </ItemGroup>
  <ItemGroup>
    <Filter Include="filter">
      <UniqueIdentifier>{a2177cd3-c680-4b39-b06c-dcff278544ca}</UniqueIdentifier>
    </Filter>
    <Filter Include="filter\auxiliary">
      <UniqueIdentifier>{e21e0b32-e431-44ef-a9b0-7c4d56198881}</UniqueIdentifier>
    </Filter>
    <Filter Include="source">
      <UniqueIdentifier>{013ec4ab-57f0-42e7-93ed-ad3f9f582579}</UniqueIdentifier>
    </Filter>
    <Filter Include="source\generator">
      <UniqueIdentifier>{4fc9fa74-1281-426c-96e1-d6ee2e541fa8}</UniqueIdentifier>
    </Filter>
    <Filter Include="source\window">
      <UniqueIdentifier>{edabdf11-b5ea-46da-898d-0aa8e2e9d1dd}</UniqueIdentifier>
    </Filter>
    <Filter Include="transform">
      <UniqueIdentifier>{14cae3ab-52a8-4b18-b7ff-da3bc0ba16e9}</UniqueIdentifier>
    </Filter>
    <Filter Include="voila">
      <UniqueIdentifier>{0274c142-a8f6-4cd7-a3d1-631df8b95cdf}</UniqueIdentifier>
    </Filter>
    <Filter Include="test">
      <UniqueIdentifier>{49da5275-5c95-4cc1-b919-1b2bb19540a5}</UniqueIdentifier>
    </Filter>
    <Filter Include="transform\mfcc">
      <UniqueIdentifier>{be4c6f8f-03e8-41db-be1d-0e216f5e43df}</UniqueIdentifier>
    </Filter>
    <Filter Include="synthesis">
      <UniqueIdentifier>{a99d4426-e30d-4f99-8679-d3bc8a324016}</UniqueIdentifier>
    </Filter>
  </ItemGroup>
</Project>